
Microsoft Visual Studio Solution File, Format Version 12.00
# Visual Studio Version 17
VisualStudioVersion = 17.14.36301.6
MinimumVisualStudioVersion = 10.0.40219.1
Project("{FAE04EC0-301F-11D3-BF4B-00C04F79EFBC}") = "BackendProject", "BackendProject.csproj", "{00B323BD-A42B-4F5B-A1A9-D6C0BDBCD194}"
EndProject
Project("{FAE04EC0-301F-11D3-BF4B-00C04F79EFBC}") = "BackendProjectTests", "..\BackendProjectTests\BackendProjectTests.csproj", "{9219B72E-F881-4A14-B282-D5953A10C16B}"
EndProject
Project("{FAE04EC0-301F-11D3-BF4B-00C04F79EFBC}") = "SeleniumTesting_Project", "..\SeleniumTesting_Project\SeleniumTesting_Project.csproj", "{04FE5BEB-B9B1-4F67-A740-360DFCE4AF4C}"
EndProject
Global
	GlobalSection(SolutionConfigurationPlatforms) = preSolution
		Debug|Any CPU = Debug|Any CPU
		Release|Any CPU = Release|Any CPU
	EndGlobalSection
	GlobalSection(ProjectConfigurationPlatforms) = postSolution
		{00B323BD-A42B-4F5B-A1A9-D6C0BDBCD194}.Debug|Any CPU.ActiveCfg = Debug|Any CPU
		{00B323BD-A42B-4F5B-A1A9-D6C0BDBCD194}.Debug|Any CPU.Build.0 = Debug|Any CPU
		{00B323BD-A42B-4F5B-A1A9-D6C0BDBCD194}.Release|Any CPU.ActiveCfg = Release|Any CPU
		{00B323BD-A42B-4F5B-A1A9-D6C0BDBCD194}.Release|Any CPU.Build.0 = Release|Any CPU
		{9219B72E-F881-4A14-B282-D5953A10C16B}.Debug|Any CPU.ActiveCfg = Debug|Any CPU
		{9219B72E-F881-4A14-B282-D5953A10C16B}.Debug|Any CPU.Build.0 = Debug|Any CPU
		{9219B72E-F881-4A14-B282-D5953A10C16B}.Release|Any CPU.ActiveCfg = Release|Any CPU
		{9219B72E-F881-4A14-B282-D5953A10C16B}.Release|Any CPU.Build.0 = Release|Any CPU
		{04FE5BEB-B9B1-4F67-A740-360DFCE4AF4C}.Debug|Any CPU.ActiveCfg = Debug|Any CPU
		{04FE5BEB-B9B1-4F67-A740-360DFCE4AF4C}.Debug|Any CPU.Build.0 = Debug|Any CPU
		{04FE5BEB-B9B1-4F67-A740-360DFCE4AF4C}.Release|Any CPU.ActiveCfg = Release|Any CPU
		{04FE5BEB-B9B1-4F67-A740-360DFCE4AF4C}.Release|Any CPU.Build.0 = Release|Any CPU
	EndGlobalSection
	GlobalSection(SolutionProperties) = preSolution
		HideSolutionNode = FALSE
	EndGlobalSection
	GlobalSection(ExtensibilityGlobals) = postSolution
		SolutionGuid = {BCB35E9F-F163-4F46-BEF9-D1D9C80F845F}
	EndGlobalSection
EndGlobal
